
Microsoft Visual Studio Solution File, Format Version 12.00
# Visual Studio Version 16
VisualStudioVersion = 16.0.29102.190
MinimumVisualStudioVersion = 10.0.40219.1
Project("{FAE04EC0-301F-11D3-BF4B-00C04F79EFBC}") = "OdeToFood", "OdeToFood\OdeToFood.csproj", "{BA356E71-7C55-461A-B056-C7458ED847B9}"
EndProject
Project("{FAE04EC0-301F-11D3-BF4B-00C04F79EFBC}") = "OdeToFood.Core", "OdeToFood.Core\OdeToFood.Core.csproj", "{10629883-787C-4D90-BB38-ADE485773B37}"
EndProject
Project("{FAE04EC0-301F-11D3-BF4B-00C04F79EFBC}") = "OdeToFood.Data", "OdeToFood.Data\OdeToFood.Data.csproj", "{C91ADD15-18FE-464F-B432-FCD21E973805}"
EndProject
Global
	GlobalSection(SolutionConfigurationPlatforms) = preSolution
		Debug|Any CPU = Debug|Any CPU
		Release|Any CPU = Release|Any CPU
	EndGlobalSection
	GlobalSection(ProjectConfigurationPlatforms) = postSolution
		{BA356E71-7C55-461A-B056-C7458ED847B9}.Debug|Any CPU.ActiveCfg = Debug|Any CPU
		{BA356E71-7C55-461A-B056-C7458ED847B9}.Debug|Any CPU.Build.0 = Debug|Any CPU
		{BA356E71-7C55-461A-B056-C7458ED847B9}.Release|Any CPU.ActiveCfg = Release|Any CPU
		{BA356E71-7C55-461A-B056-C7458ED847B9}.Release|Any CPU.Build.0 = Release|Any CPU
		{10629883-787C-4D90-BB38-ADE485773B37}.Debug|Any CPU.ActiveCfg = Debug|Any CPU
		{10629883-787C-4D90-BB38-ADE485773B37}.Debug|Any CPU.Build.0 = Debug|Any CPU
		{10629883-787C-4D90-BB38-ADE485773B37}.Release|Any CPU.ActiveCfg = Release|Any CPU
		{10629883-787C-4D90-BB38-ADE485773B37}.Release|Any CPU.Build.0 = Release|Any CPU
		{C91ADD15-18FE-464F-B432-FCD21E973805}.Debug|Any CPU.ActiveCfg = Debug|Any CPU
		{C91ADD15-18FE-464F-B432-FCD21E973805}.Debug|Any CPU.Build.0 = Debug|Any CPU
		{C91ADD15-18FE-464F-B432-FCD21E973805}.Release|Any CPU.ActiveCfg = Release|Any CPU
		{C91ADD15-18FE-464F-B432-FCD21E973805}.Release|Any CPU.Build.0 = Release|Any CPU
	EndGlobalSection
	GlobalSection(SolutionProperties) = preSolution
		HideSolutionNode = FALSE
	EndGlobalSection
	GlobalSection(ExtensibilityGlobals) = postSolution
		SolutionGuid = {557B4BFE-4D09-4F89-93BB-25F878CEAF8F}
	EndGlobalSection
EndGlobal
